
Microsoft Visual Studio Solution File, Format Version 12.00
# Visual Studio Version 18
VisualStudioVersion = 18.2.11415.280 d18.0
MinimumVisualStudioVersion = 10.0.40219.1
Project("{FAE04EC0-301F-11D3-BF4B-00C04F79EFBC}") = "DentalClinic.Core", "DentalClinic.Core\DentalClinic.Core.csproj", "{18CF6FBA-86D6-4ADC-A224-0CFB5E5960D0}"
EndProject
Project("{FAE04EC0-301F-11D3-BF4B-00C04F79EFBC}") = "DentalClinic.Infrastructure", "DentalClinic.Infrastructure\DentalClinic.Infrastructure.csproj", "{F815774A-6C3D-41FB-AB2F-82DE7D3FEA7B}"
EndProject
Project("{FAE04EC0-301F-11D3-BF4B-00C04F79EFBC}") = "DentalClinic.WinForms", "DentalClinic.WinForms\DentalClinic.WinForms.csproj", "{AA46C1E6-517F-43F5-BADE-9346D7C26E03}"
EndProject
Global
	GlobalSection(SolutionConfigurationPlatforms) = preSolution
		Debug|Any CPU = Debug|Any CPU
		Debug|x64 = Debug|x64
		Debug|x86 = Debug|x86
		Release|Any CPU = Release|Any CPU
		Release|x64 = Release|x64
		Release|x86 = Release|x86
	EndGlobalSection
	GlobalSection(ProjectConfigurationPlatforms) = postSolution
		{18CF6FBA-86D6-4ADC-A224-0CFB5E5960D0}.Debug|Any CPU.ActiveCfg = Debug|Any CPU
		{18CF6FBA-86D6-4ADC-A224-0CFB5E5960D0}.Debug|Any CPU.Build.0 = Debug|Any CPU
		{18CF6FBA-86D6-4ADC-A224-0CFB5E5960D0}.Debug|x64.ActiveCfg = Debug|Any CPU
		{18CF6FBA-86D6-4ADC-A224-0CFB5E5960D0}.Debug|x64.Build.0 = Debug|Any CPU
		{18CF6FBA-86D6-4ADC-A224-0CFB5E5960D0}.Debug|x86.ActiveCfg = Debug|Any CPU
		{18CF6FBA-86D6-4ADC-A224-0CFB5E5960D0}.Debug|x86.Build.0 = Debug|Any CPU
		{18CF6FBA-86D6-4ADC-A224-0CFB5E5960D0}.Release|Any CPU.ActiveCfg = Release|Any CPU
		{18CF6FBA-86D6-4ADC-A224-0CFB5E5960D0}.Release|Any CPU.Build.0 = Release|Any CPU
		{18CF6FBA-86D6-4ADC-A224-0CFB5E5960D0}.Release|x64.ActiveCfg = Release|Any CPU
		{18CF6FBA-86D6-4ADC-A224-0CFB5E5960D0}.Release|x64.Build.0 = Release|Any CPU
		{18CF6FBA-86D6-4ADC-A224-0CFB5E5960D0}.Release|x86.ActiveCfg = Release|Any CPU
		{18CF6FBA-86D6-4ADC-A224-0CFB5E5960D0}.Release|x86.Build.0 = Release|Any CPU
		{F815774A-6C3D-41FB-AB2F-82DE7D3FEA7B}.Debug|Any CPU.ActiveCfg = Debug|Any CPU
		{F815774A-6C3D-41FB-AB2F-82DE7D3FEA7B}.Debug|Any CPU.Build.0 = Debug|Any CPU
		{F815774A-6C3D-41FB-AB2F-82DE7D3FEA7B}.Debug|x64.ActiveCfg = Debug|Any CPU
		{F815774A-6C3D-41FB-AB2F-82DE7D3FEA7B}.Debug|x64.Build.0 = Debug|Any CPU
		{F815774A-6C3D-41FB-AB2F-82DE7D3FEA7B}.Debug|x86.ActiveCfg = Debug|Any CPU
		{F815774A-6C3D-41FB-AB2F-82DE7D3FEA7B}.Debug|x86.Build.0 = Debug|Any CPU
		{F815774A-6C3D-41FB-AB2F-82DE7D3FEA7B}.Release|Any CPU.ActiveCfg = Release|Any CPU
		{F815774A-6C3D-41FB-AB2F-82DE7D3FEA7B}.Release|Any CPU.Build.0 = Release|Any CPU
		{F815774A-6C3D-41FB-AB2F-82DE7D3FEA7B}.Release|x64.ActiveCfg = Release|Any CPU
		{F815774A-6C3D-41FB-AB2F-82DE7D3FEA7B}.Release|x64.Build.0 = Release|Any CPU
		{F815774A-6C3D-41FB-AB2F-82DE7D3FEA7B}.Release|x86.ActiveCfg = Release|Any CPU
		{F815774A-6C3D-41FB-AB2F-82DE7D3FEA7B}.Release|x86.Build.0 = Release|Any CPU
		{AA46C1E6-517F-43F5-BADE-9346D7C26E03}.Debug|Any CPU.ActiveCfg = Debug|Any CPU
		{AA46C1E6-517F-43F5-BADE-9346D7C26E03}.Debug|Any CPU.Build.0 = Debug|Any CPU
		{AA46C1E6-517F-43F5-BADE-9346D7C26E03}.Debug|x64.ActiveCfg = Debug|Any CPU
		{AA46C1E6-517F-43F5-BADE-9346D7C26E03}.Debug|x64.Build.0 = Debug|Any CPU
		{AA46C1E6-517F-43F5-BADE-9346D7C26E03}.Debug|x86.ActiveCfg = Debug|Any CPU
		{AA46C1E6-517F-43F5-BADE-9346D7C26E03}.Debug|x86.Build.0 = Debug|Any CPU
		{AA46C1E6-517F-43F5-BADE-9346D7C26E03}.Release|Any CPU.ActiveCfg = Release|Any CPU
		{AA46C1E6-517F-43F5-BADE-9346D7C26E03}.Release|Any CPU.Build.0 = Release|Any CPU
		{AA46C1E6-517F-43F5-BADE-9346D7C26E03}.Release|x64.ActiveCfg = Release|Any CPU
		{AA46C1E6-517F-43F5-BADE-9346D7C26E03}.Release|x64.Build.0 = Release|Any CPU
		{AA46C1E6-517F-43F5-BADE-9346D7C26E03}.Release|x86.ActiveCfg = Release|Any CPU
		{AA46C1E6-517F-43F5-BADE-9346D7C26E03}.Release|x86.Build.0 = Release|Any CPU
	EndGlobalSection
	GlobalSection(SolutionProperties) = preSolution
		HideSolutionNode = FALSE
	EndGlobalSection
	GlobalSection(ExtensibilityGlobals) = postSolution
		SolutionGuid = {56D889FE-17F9-4349-9A5D-6BA2CA10BA9C}
	EndGlobalSection
EndGlobal
